// !$*UTF8*$!
{
	archiveVersion = 1;
	classes = {
	};
	objectVersion = 56;
	objects = {

/* Begin PBXBuildFile section */
		C2006B6C2B82D58900EFA0D3 /* GS.mp3 in Resources */ = {isa = PBXBuildFile; fileRef = C2006B6B2B82D58800EFA0D3 /* GS.mp3 */; };
		C2006B6E2B82DC5300EFA0D3 /* YOASOBI.mp3 in Resources */ = {isa = PBXBuildFile; fileRef = C2006B6D2B82DC5300EFA0D3 /* YOASOBI.mp3 */; };
		C2006B702B82E0B100EFA0D3 /* cat.mp3 in Resources */ = {isa = PBXBuildFile; fileRef = C2006B6F2B82E0B100EFA0D3 /* cat.mp3 */; };
		C2006B722B82E0BD00EFA0D3 /* phone.mp3 in Resources */ = {isa = PBXBuildFile; fileRef = C2006B712B82E0BD00EFA0D3 /* phone.mp3 */; };
		C29B95E92B5739B6009B300A /* SoloGuardApp.swift in Sources */ = {isa = PBXBuildFile; fileRef = C29B95E82B5739B6009B300A /* SoloGuardApp.swift */; };
		C29B95EB2B5739B6009B300A /* ContentView.swift in Sources */ = {isa = PBXBuildFile; fileRef = C29B95EA2B5739B6009B300A /* ContentView.swift */; };
		C29B95ED2B5739BA009B300A /* Assets.xcassets in Resources */ = {isa = PBXBuildFile; fileRef = C29B95EC2B5739BA009B300A /* Assets.xcassets */; };
		C29B95F12B5739BA009B300A /* Preview Assets.xcassets in Resources */ = {isa = PBXBuildFile; fileRef = C29B95F02B5739BA009B300A /* Preview Assets.xcassets */; };
		C29B95FB2B5739BB009B300A /* SoloGuardTests.swift in Sources */ = {isa = PBXBuildFile; fileRef = C29B95FA2B5739BB009B300A /* SoloGuardTests.swift */; };
		C29B96052B5739BB009B300A /* SoloGuardUITests.swift in Sources */ = {isa = PBXBuildFile; fileRef = C29B96042B5739BB009B300A /* SoloGuardUITests.swift */; };
		C29B96072B5739BB009B300A /* SoloGuardUITestsLaunchTests.swift in Sources */ = {isa = PBXBuildFile; fileRef = C29B96062B5739BB009B300A /* SoloGuardUITestsLaunchTests.swift */; };
		C29BE8AA2B5C502600F48D88 /* LoginView.swift in Sources */ = {isa = PBXBuildFile; fileRef = C29BE8A92B5C502600F48D88 /* LoginView.swift */; };
		C29BE8AC2B5C584800F48D88 /* CreateNewAccount.swift in Sources */ = {isa = PBXBuildFile; fileRef = C29BE8AB2B5C584800F48D88 /* CreateNewAccount.swift */; };
		C29BE8AE2B5C62F200F48D88 /* MapController.swift in Sources */ = {isa = PBXBuildFile; fileRef = C29BE8AD2B5C62F200F48D88 /* MapController.swift */; };
		C2D81C012B6EF5CD00061DCD /* MapExtensions.swift in Sources */ = {isa = PBXBuildFile; fileRef = C2D81C002B6EF5CD00061DCD /* MapExtensions.swift */; };
		C2D81C032B6EF60200061DCD /* LocationExtensions.swift in Sources */ = {isa = PBXBuildFile; fileRef = C2D81C022B6EF60200061DCD /* LocationExtensions.swift */; };
		C2D81C052B6EFC9300061DCD /* MapPreview.swift in Sources */ = {isa = PBXBuildFile; fileRef = C2D81C042B6EFC9300061DCD /* MapPreview.swift */; };
		C2D81C072B718AEC00061DCD /* MapTest.swift in Sources */ = {isa = PBXBuildFile; fileRef = C2D81C062B718AEC00061DCD /* MapTest.swift */; };
		C2D81C102B7ACD1400061DCD /* AudioPlayer.swift in Sources */ = {isa = PBXBuildFile; fileRef = C2D81C0E2B7ACD0D00061DCD /* AudioPlayer.swift */; };
		C2D81C142B7AE44300061DCD /* AudioFunction.swift in Sources */ = {isa = PBXBuildFile; fileRef = C2D81C132B7AE44300061DCD /* AudioFunction.swift */; };
/* End PBXBuildFile section */

/* Begin PBXContainerItemProxy section */
		C29B95F72B5739BB009B300A /* PBXContainerItemProxy */ = {
			isa = PBXContainerItemProxy;
			containerPortal = C29B95DD2B5739B6009B300A /* Project object */;
			proxyType = 1;
			remoteGlobalIDString = C29B95E42B5739B6009B300A;
			remoteInfo = SoloGuard;
		};
		C29B96012B5739BB009B300A /* PBXContainerItemProxy */ = {
			isa = PBXContainerItemProxy;
			containerPortal = C29B95DD2B5739B6009B300A /* Project object */;
			proxyType = 1;
			remoteGlobalIDString = C29B95E42B5739B6009B300A;
			remoteInfo = SoloGuard;
		};
/* End PBXContainerItemProxy section */

/* Begin PBXFileReference section */
		C2006B6B2B82D58800EFA0D3 /* GS.mp3 */ = {isa = PBXFileReference; lastKnownFileType = audio.mp3; path = GS.mp3; sourceTree = "<group>"; };
		C2006B6D2B82DC5300EFA0D3 /* YOASOBI.mp3 */ = {isa = PBXFileReference; lastKnownFileType = audio.mp3; path = YOASOBI.mp3; sourceTree = "<group>"; };
		C2006B6F2B82E0B100EFA0D3 /* cat.mp3 */ = {isa = PBXFileReference; lastKnownFileType = audio.mp3; path = cat.mp3; sourceTree = "<group>"; };
		C2006B712B82E0BD00EFA0D3 /* phone.mp3 */ = {isa = PBXFileReference; lastKnownFileType = audio.mp3; path = phone.mp3; sourceTree = "<group>"; };
		C29B95E52B5739B6009B300A /* SoloGuard.app */ = {isa = PBXFileReference; explicitFileType = wrapper.application; includeInIndex = 0; path = SoloGuard.app; sourceTree = BUILT_PRODUCTS_DIR; };
		C29B95E82B5739B6009B300A /* SoloGuardApp.swift */ = {isa = PBXFileReference; lastKnownFileType = sourcecode.swift; path = SoloGuardApp.swift; sourceTree = "<group>"; };
		C29B95EA2B5739B6009B300A /* ContentView.swift */ = {isa = PBXFileReference; lastKnownFileType = sourcecode.swift; path = ContentView.swift; sourceTree = "<group>"; };
		C29B95EC2B5739BA009B300A /* Assets.xcassets */ = {isa = PBXFileReference; lastKnownFileType = folder.assetcatalog; path = Assets.xcassets; sourceTree = "<group>"; };
		C29B95EE2B5739BA009B300A /* SoloGuard.entitlements */ = {isa = PBXFileReference; lastKnownFileType = text.plist.entitlements; path = SoloGuard.entitlements; sourceTree = "<group>"; };
		C29B95F02B5739BA009B300A /* Preview Assets.xcassets */ = {isa = PBXFileReference; lastKnownFileType = folder.assetcatalog; path = "Preview Assets.xcassets"; sourceTree = "<group>"; };
		C29B95F62B5739BB009B300A /* SoloGuardTests.xctest */ = {isa = PBXFileReference; explicitFileType = wrapper.cfbundle; includeInIndex = 0; path = SoloGuardTests.xctest; sourceTree = BUILT_PRODUCTS_DIR; };
		C29B95FA2B5739BB009B300A /* SoloGuardTests.swift */ = {isa = PBXFileReference; lastKnownFileType = sourcecode.swift; path = SoloGuardTests.swift; sourceTree = "<group>"; };
		C29B96002B5739BB009B300A /* SoloGuardUITests.xctest */ = {isa = PBXFileReference; explicitFileType = wrapper.cfbundle; includeInIndex = 0; path = SoloGuardUITests.xctest; sourceTree = BUILT_PRODUCTS_DIR; };
		C29B96042B5739BB009B300A /* SoloGuardUITests.swift */ = {isa = PBXFileReference; lastKnownFileType = sourcecode.swift; path = SoloGuardUITests.swift; sourceTree = "<group>"; };
		C29B96062B5739BB009B300A /* SoloGuardUITestsLaunchTests.swift */ = {isa = PBXFileReference; lastKnownFileType = sourcecode.swift; path = SoloGuardUITestsLaunchTests.swift; sourceTree = "<group>"; };
		C29BE8A92B5C502600F48D88 /* LoginView.swift */ = {isa = PBXFileReference; lastKnownFileType = sourcecode.swift; path = LoginView.swift; sourceTree = "<group>"; };
		C29BE8AB2B5C584800F48D88 /* CreateNewAccount.swift */ = {isa = PBXFileReference; lastKnownFileType = sourcecode.swift; path = CreateNewAccount.swift; sourceTree = "<group>"; };
		C29BE8AD2B5C62F200F48D88 /* MapController.swift */ = {isa = PBXFileReference; lastKnownFileType = sourcecode.swift; path = MapController.swift; sourceTree = "<group>"; };
		C2D81BFF2B6EECA100061DCD /* Info.plist */ = {isa = PBXFileReference; lastKnownFileType = text.plist; path = Info.plist; sourceTree = "<group>"; };
		C2D81C002B6EF5CD00061DCD /* MapExtensions.swift */ = {isa = PBXFileReference; lastKnownFileType = sourcecode.swift; path = MapExtensions.swift; sourceTree = "<group>"; };
		C2D81C022B6EF60200061DCD /* LocationExtensions.swift */ = {isa = PBXFileReference; lastKnownFileType = sourcecode.swift; path = LocationExtensions.swift; sourceTree = "<group>"; };
		C2D81C042B6EFC9300061DCD /* MapPreview.swift */ = {isa = PBXFileReference; lastKnownFileType = sourcecode.swift; path = MapPreview.swift; sourceTree = "<group>"; };
		C2D81C062B718AEC00061DCD /* MapTest.swift */ = {isa = PBXFileReference; lastKnownFileType = sourcecode.swift; path = MapTest.swift; sourceTree = "<group>"; };
		C2D81C0E2B7ACD0D00061DCD /* AudioPlayer.swift */ = {isa = PBXFileReference; lastKnownFileType = sourcecode.swift; path = AudioPlayer.swift; sourceTree = "<group>"; };
		C2D81C132B7AE44300061DCD /* AudioFunction.swift */ = {isa = PBXFileReference; lastKnownFileType = sourcecode.swift; path = AudioFunction.swift; sourceTree = "<group>"; };
/* End PBXFileReference section */

/* Begin PBXFrameworksBuildPhase section */
		C29B95E22B5739B6009B300A /* Frameworks */ = {
			isa = PBXFrameworksBuildPhase;
			buildActionMask = 2147483647;
			files = (
			);
			runOnlyForDeploymentPostprocessing = 0;
		};
		C29B95F32B5739BB009B300A /* Frameworks */ = {
			isa = PBXFrameworksBuildPhase;
			buildActionMask = 2147483647;
			files = (
			);
			runOnlyForDeploymentPostprocessing = 0;
		};
		C29B95FD2B5739BB009B300A /* Frameworks */ = {
			isa = PBXFrameworksBuildPhase;
			buildActionMask = 2147483647;
			files = (
			);
			runOnlyForDeploymentPostprocessing = 0;
		};
/* End PBXFrameworksBuildPhase section */

/* Begin PBXGroup section */
		C29B95DC2B5739B5009B300A = {
			isa = PBXGroup;
			children = (
				C29B95E72B5739B6009B300A /* SoloGuard */,
				C29B95F92B5739BB009B300A /* SoloGuardTests */,
				C29B96032B5739BB009B300A /* SoloGuardUITests */,
				C29B95E62B5739B6009B300A /* Products */,
			);
			sourceTree = "<group>";
		};
		C29B95E62B5739B6009B300A /* Products */ = {
			isa = PBXGroup;
			children = (
				C29B95E52B5739B6009B300A /* SoloGuard.app */,
				C29B95F62B5739BB009B300A /* SoloGuardTests.xctest */,
				C29B96002B5739BB009B300A /* SoloGuardUITests.xctest */,
			);
			name = Products;
			sourceTree = "<group>";
		};
		C29B95E72B5739B6009B300A /* SoloGuard */ = {
			isa = PBXGroup;
			children = (
				C2D81BFF2B6EECA100061DCD /* Info.plist */,
				C29B95E82B5739B6009B300A /* SoloGuardApp.swift */,
				C29B95EA2B5739B6009B300A /* ContentView.swift */,
				C29BE8A92B5C502600F48D88 /* LoginView.swift */,
				C29BE8AB2B5C584800F48D88 /* CreateNewAccount.swift */,
				C29BE8AD2B5C62F200F48D88 /* MapController.swift */,
				C2D81C042B6EFC9300061DCD /* MapPreview.swift */,
				C2D81C002B6EF5CD00061DCD /* MapExtensions.swift */,
				C2D81C022B6EF60200061DCD /* LocationExtensions.swift */,
				C2D81C062B718AEC00061DCD /* MapTest.swift */,
				C2D81C132B7AE44300061DCD /* AudioFunction.swift */,
				C2D81C0E2B7ACD0D00061DCD /* AudioPlayer.swift */,
				C2006B6F2B82E0B100EFA0D3 /* cat.mp3 */,
				C2006B712B82E0BD00EFA0D3 /* phone.mp3 */,
				C2006B6B2B82D58800EFA0D3 /* GS.mp3 */,
				C2006B6D2B82DC5300EFA0D3 /* YOASOBI.mp3 */,
				C29B95EC2B5739BA009B300A /* Assets.xcassets */,
				C29B95EE2B5739BA009B300A /* SoloGuard.entitlements */,
				C29B95EF2B5739BA009B300A /* Preview Content */,
			);
			path = SoloGuard;
			sourceTree = "<group>";
		};
		C29B95EF2B5739BA009B300A /* Preview Content */ = {
			isa = PBXGroup;
			children = (
				C29B95F02B5739BA009B300A /* Preview Assets.xcassets */,
			);
			path = "Preview Content";
			sourceTree = "<group>";
		};
		C29B95F92B5739BB009B300A /* SoloGuardTests */ = {
			isa = PBXGroup;
			children = (
				C29B95FA2B5739BB009B300A /* SoloGuardTests.swift */,
			);
			path = SoloGuardTests;
			sourceTree = "<group>";
		};
		C29B96032B5739BB009B300A /* SoloGuardUITests */ = {
			isa = PBXGroup;
			children = (
				C29B96042B5739BB009B300A /* SoloGuardUITests.swift */,
				C29B96062B5739BB009B300A /* SoloGuardUITestsLaunchTests.swift */,
			);
			path = SoloGuardUITests;
			sourceTree = "<group>";
		};
/* End PBXGroup section */

/* Begin PBXNativeTarget section */
		C29B95E42B5739B6009B300A /* SoloGuard */ = {
			isa = PBXNativeTarget;
			buildConfigurationList = C29B960A2B5739BB009B300A /* Build configuration list for PBXNativeTarget "SoloGuard" */;
			buildPhases = (
				C29B95E12B5739B6009B300A /* Sources */,
				C29B95E22B5739B6009B300A /* Frameworks */,
				C29B95E32B5739B6009B300A /* Resources */,
			);
			buildRules = (
			);
			dependencies = (
			);
			name = SoloGuard;
			productName = SoloGuard;
			productReference = C29B95E52B5739B6009B300A /* SoloGuard.app */;
			productType = "com.apple.product-type.application";
		};
		C29B95F52B5739BB009B300A /* SoloGuardTests */ = {
			isa = PBXNativeTarget;
			buildConfigurationList = C29B960D2B5739BB009B300A /* Build configuration list for PBXNativeTarget "SoloGuardTests" */;
			buildPhases = (
				C29B95F22B5739BB009B300A /* Sources */,
				C29B95F32B5739BB009B300A /* Frameworks */,
				C29B95F42B5739BB009B300A /* Resources */,
			);
			buildRules = (
			);
			dependencies = (
				C29B95F82B5739BB009B300A /* PBXTargetDependency */,
			);
			name = SoloGuardTests;
			productName = SoloGuardTests;
			productReference = C29B95F62B5739BB009B300A /* SoloGuardTests.xctest */;
			productType = "com.apple.product-type.bundle.unit-test";
		};
		C29B95FF2B5739BB009B300A /* SoloGuardUITests */ = {
			isa = PBXNativeTarget;
			buildConfigurationList = C29B96102B5739BB009B300A /* Build configuration list for PBXNativeTarget "SoloGuardUITests" */;
			buildPhases = (
				C29B95FC2B5739BB009B300A /* Sources */,
				C29B95FD2B5739BB009B300A /* Frameworks */,
				C29B95FE2B5739BB009B300A /* Resources */,
			);
			buildRules = (
			);
			dependencies = (
				C29B96022B5739BB009B300A /* PBXTargetDependency */,
			);
			name = SoloGuardUITests;
			productName = SoloGuardUITests;
			productReference = C29B96002B5739BB009B300A /* SoloGuardUITests.xctest */;
			productType = "com.apple.product-type.bundle.ui-testing";
		};
/* End PBXNativeTarget section */

/* Begin PBXProject section */
		C29B95DD2B5739B6009B300A /* Project object */ = {
			isa = PBXProject;
			attributes = {
				BuildIndependentTargetsInParallel = 1;
				LastSwiftUpdateCheck = 1500;
				LastUpgradeCheck = 1500;
				TargetAttributes = {
					C29B95E42B5739B6009B300A = {
						CreatedOnToolsVersion = 15.0;
					};
					C29B95F52B5739BB009B300A = {
						CreatedOnToolsVersion = 15.0;
						TestTargetID = C29B95E42B5739B6009B300A;
					};
					C29B95FF2B5739BB009B300A = {
						CreatedOnToolsVersion = 15.0;
						TestTargetID = C29B95E42B5739B6009B300A;
					};
				};
			};
			buildConfigurationList = C29B95E02B5739B6009B300A /* Build configuration list for PBXProject "SoloGuard" */;
			compatibilityVersion = "Xcode 14.0";
			developmentRegion = en;
			hasScannedForEncodings = 0;
			knownRegions = (
				en,
				Base,
			);
			mainGroup = C29B95DC2B5739B5009B300A;
			productRefGroup = C29B95E62B5739B6009B300A /* Products */;
			projectDirPath = "";
			projectRoot = "";
			targets = (
				C29B95E42B5739B6009B300A /* SoloGuard */,
				C29B95F52B5739BB009B300A /* SoloGuardTests */,
				C29B95FF2B5739BB009B300A /* SoloGuardUITests */,
			);
		};
/* End PBXProject section */

/* Begin PBXResourcesBuildPhase section */
		C29B95E32B5739B6009B300A /* Resources */ = {
			isa = PBXResourcesBuildPhase;
			buildActionMask = 2147483647;
			files = (
				C2006B702B82E0B100EFA0D3 /* cat.mp3 in Resources */,
				C29B95F12B5739BA009B300A /* Preview Assets.xcassets in Resources */,
				C2006B6C2B82D58900EFA0D3 /* GS.mp3 in Resources */,
				C29B95ED2B5739BA009B300A /* Assets.xcassets in Resources */,
				C2006B6E2B82DC5300EFA0D3 /* YOASOBI.mp3 in Resources */,
				C2006B722B82E0BD00EFA0D3 /* phone.mp3 in Resources */,
			);
			runOnlyForDeploymentPostprocessing = 0;
		};
		C29B95F42B5739BB009B300A /* Resources */ = {
			isa = PBXResourcesBuildPhase;
			buildActionMask = 2147483647;
			files = (
			);
			runOnlyForDeploymentPostprocessing = 0;
		};
		C29B95FE2B5739BB009B300A /* Resources */ = {
			isa = PBXResourcesBuildPhase;
			buildActionMask = 2147483647;
			files = (
			);
			runOnlyForDeploymentPostprocessing = 0;
		};
/* End PBXResourcesBuildPhase section */

/* Begin PBXSourcesBuildPhase section */
		C29B95E12B5739B6009B300A /* Sources */ = {
			isa = PBXSourcesBuildPhase;
			buildActionMask = 2147483647;
			files = (
				C2D81C072B718AEC00061DCD /* MapTest.swift in Sources */,
				C2D81C142B7AE44300061DCD /* AudioFunction.swift in Sources */,
				C2D81C102B7ACD1400061DCD /* AudioPlayer.swift in Sources */,
				C29BE8AC2B5C584800F48D88 /* CreateNewAccount.swift in Sources */,
				C2D81C032B6EF60200061DCD /* LocationExtensions.swift in Sources */,
				C29BE8AA2B5C502600F48D88 /* LoginView.swift in Sources */,
				C2D81C052B6EFC9300061DCD /* MapPreview.swift in Sources */,
				C2D81C012B6EF5CD00061DCD /* MapExtensions.swift in Sources */,
				C29BE8AE2B5C62F200F48D88 /* MapController.swift in Sources */,
				C29B95EB2B5739B6009B300A /* ContentView.swift in Sources */,
				C29B95E92B5739B6009B300A /* SoloGuardApp.swift in Sources */,
			);
			runOnlyForDeploymentPostprocessing = 0;
		};
		C29B95F22B5739BB009B300A /* Sources */ = {
			isa = PBXSourcesBuildPhase;
			buildActionMask = 2147483647;
			files = (
				C29B95FB2B5739BB009B300A /* SoloGuardTests.swift in Sources */,
			);
			runOnlyForDeploymentPostprocessing = 0;
		};
		C29B95FC2B5739BB009B300A /* Sources */ = {
			isa = PBXSourcesBuildPhase;
			buildActionMask = 2147483647;
			files = (
				C29B96052B5739BB009B300A /* SoloGuardUITests.swift in Sources */,
				C29B96072B5739BB009B300A /* SoloGuardUITestsLaunchTests.swift in Sources */,
			);
			runOnlyForDeploymentPostprocessing = 0;
		};
/* End PBXSourcesBuildPhase section */

/* Begin PBXTargetDependency section */
		C29B95F82B5739BB009B300A /* PBXTargetDependency */ = {
			isa = PBXTargetDependency;
			target = C29B95E42B5739B6009B300A /* SoloGuard */;
			targetProxy = C29B95F72B5739BB009B300A /* PBXContainerItemProxy */;
		};
		C29B96022B5739BB009B300A /* PBXTargetDependency */ = {
			isa = PBXTargetDependency;
			target = C29B95E42B5739B6009B300A /* SoloGuard */;
			targetProxy = C29B96012B5739BB009B300A /* PBXContainerItemProxy */;
		};
/* End PBXTargetDependency section */

/* Begin XCBuildConfiguration section */
		C29B96082B5739BB009B300A /* Debug */ = {
			isa = XCBuildConfiguration;
			buildSettings = {
				ALWAYS_SEARCH_USER_PATHS = NO;
				ASSETCATALOG_COMPILER_GENERATE_SWIFT_ASSET_SYMBOL_EXTENSIONS = YES;
				CLANG_ANALYZER_NONNULL = YES;
				CLANG_ANALYZER_NUMBER_OBJECT_CONVERSION = YES_AGGRESSIVE;
				CLANG_CXX_LANGUAGE_STANDARD = "gnu++20";
				CLANG_ENABLE_MODULES = YES;
				CLANG_ENABLE_OBJC_ARC = YES;
				CLANG_ENABLE_OBJC_WEAK = YES;
				CLANG_WARN_BLOCK_CAPTURE_AUTORELEASING = YES;
				CLANG_WARN_BOOL_CONVERSION = YES;
				CLANG_WARN_COMMA = YES;
				CLANG_WARN_CONSTANT_CONVERSION = YES;
				CLANG_WARN_DEPRECATED_OBJC_IMPLEMENTATIONS = YES;
				CLANG_WARN_DIRECT_OBJC_ISA_USAGE = YES_ERROR;
				CLANG_WARN_DOCUMENTATION_COMMENTS = YES;
				CLANG_WARN_EMPTY_BODY = YES;
				CLANG_WARN_ENUM_CONVERSION = YES;
				CLANG_WARN_INFINITE_RECURSION = YES;
				CLANG_WARN_INT_CONVERSION = YES;
				CLANG_WARN_NON_LITERAL_NULL_CONVERSION = YES;
				CLANG_WARN_OBJC_IMPLICIT_RETAIN_SELF = YES;
				CLANG_WARN_OBJC_LITERAL_CONVERSION = YES;
				CLANG_WARN_OBJC_ROOT_CLASS = YES_ERROR;
				CLANG_WARN_QUOTED_INCLUDE_IN_FRAMEWORK_HEADER = YES;
				CLANG_WARN_RANGE_LOOP_ANALYSIS = YES;
				CLANG_WARN_STRICT_PROTOTYPES = YES;
				CLANG_WARN_SUSPICIOUS_MOVE = YES;
				CLANG_WARN_UNGUARDED_AVAILABILITY = YES_AGGRESSIVE;
				CLANG_WARN_UNREACHABLE_CODE = YES;
				CLANG_WARN__DUPLICATE_METHOD_MATCH = YES;
				COPY_PHASE_STRIP = NO;
				DEBUG_INFORMATION_FORMAT = dwarf;
				ENABLE_STRICT_OBJC_MSGSEND = YES;
				ENABLE_TESTABILITY = YES;
				ENABLE_USER_SCRIPT_SANDBOXING = YES;
				GCC_C_LANGUAGE_STANDARD = gnu17;
				GCC_DYNAMIC_NO_PIC = NO;
				GCC_NO_COMMON_BLOCKS = YES;
				GCC_OPTIMIZATION_LEVEL = 0;
				GCC_PREPROCESSOR_DEFINITIONS = (
					"DEBUG=1",
					"$(inherited)",
				);
				GCC_WARN_64_TO_32_BIT_CONVERSION = YES;
				GCC_WARN_ABOUT_RETURN_TYPE = YES_ERROR;
				GCC_WARN_UNDECLARED_SELECTOR = YES;
				GCC_WARN_UNINITIALIZED_AUTOS = YES_AGGRESSIVE;
				GCC_WARN_UNUSED_FUNCTION = YES;
				GCC_WARN_UNUSED_VARIABLE = YES;
				LOCALIZATION_PREFERS_STRING_CATALOGS = YES;
				MTL_ENABLE_DEBUG_INFO = INCLUDE_SOURCE;
				MTL_FAST_MATH = YES;
				ONLY_ACTIVE_ARCH = YES;
				SWIFT_ACTIVE_COMPILATION_CONDITIONS = "DEBUG $(inherited)";
				SWIFT_OPTIMIZATION_LEVEL = "-Onone";
			};
			name = Debug;
		};
		C29B96092B5739BB009B300A /* Release */ = {
			isa = XCBuildConfiguration;
			buildSettings = {
				ALWAYS_SEARCH_USER_PATHS = NO;
				ASSETCATALOG_COMPILER_GENERATE_SWIFT_ASSET_SYMBOL_EXTENSIONS = YES;
				CLANG_ANALYZER_NONNULL = YES;
				CLANG_ANALYZER_NUMBER_OBJECT_CONVERSION = YES_AGGRESSIVE;
				CLANG_CXX_LANGUAGE_STANDARD = "gnu++20";
				CLANG_ENABLE_MODULES = YES;
				CLANG_ENABLE_OBJC_ARC = YES;
				CLANG_ENABLE_OBJC_WEAK = YES;
				CLANG_WARN_BLOCK_CAPTURE_AUTORELEASING = YES;
				CLANG_WARN_BOOL_CONVERSION = YES;
				CLANG_WARN_COMMA = YES;
				CLANG_WARN_CONSTANT_CONVERSION = YES;
				CLANG_WARN_DEPRECATED_OBJC_IMPLEMENTATIONS = YES;
				CLANG_WARN_DIRECT_OBJC_ISA_USAGE = YES_ERROR;
				CLANG_WARN_DOCUMENTATION_COMMENTS = YES;
				CLANG_WARN_EMPTY_BODY = YES;
				CLANG_WARN_ENUM_CONVERSION = YES;
				CLANG_WARN_INFINITE_RECURSION = YES;
				CLANG_WARN_INT_CONVERSION = YES;
				CLANG_WARN_NON_LITERAL_NULL_CONVERSION = YES;
				CLANG_WARN_OBJC_IMPLICIT_RETAIN_SELF = YES;
				CLANG_WARN_OBJC_LITERAL_CONVERSION = YES;
				CLANG_WARN_OBJC_ROOT_CLASS = YES_ERROR;
				CLANG_WARN_QUOTED_INCLUDE_IN_FRAMEWORK_HEADER = YES;
				CLANG_WARN_RANGE_LOOP_ANALYSIS = YES;
				CLANG_WARN_STRICT_PROTOTYPES = YES;
				CLANG_WARN_SUSPICIOUS_MOVE = YES;
				CLANG_WARN_UNGUARDED_AVAILABILITY = YES_AGGRESSIVE;
				CLANG_WARN_UNREACHABLE_CODE = YES;
				CLANG_WARN__DUPLICATE_METHOD_MATCH = YES;
				COPY_PHASE_STRIP = NO;
				DEBUG_INFORMATION_FORMAT = "dwarf-with-dsym";
				ENABLE_NS_ASSERTIONS = NO;
				ENABLE_STRICT_OBJC_MSGSEND = YES;
				ENABLE_USER_SCRIPT_SANDBOXING = YES;
				GCC_C_LANGUAGE_STANDARD = gnu17;
				GCC_NO_COMMON_BLOCKS = YES;
				GCC_WARN_64_TO_32_BIT_CONVERSION = YES;
				GCC_WARN_ABOUT_RETURN_TYPE = YES_ERROR;
				GCC_WARN_UNDECLARED_SELECTOR = YES;
				GCC_WARN_UNINITIALIZED_AUTOS = YES_AGGRESSIVE;
				GCC_WARN_UNUSED_FUNCTION = YES;
				GCC_WARN_UNUSED_VARIABLE = YES;
				LOCALIZATION_PREFERS_STRING_CATALOGS = YES;
				MTL_ENABLE_DEBUG_INFO = NO;
				MTL_FAST_MATH = YES;
				SWIFT_COMPILATION_MODE = wholemodule;
			};
			name = Release;
		};
		C29B960B2B5739BB009B300A /* Debug */ = {
			isa = XCBuildConfiguration;
			buildSettings = {
				ASSETCATALOG_COMPILER_APPICON_NAME = AppIcon;
				ASSETCATALOG_COMPILER_GLOBAL_ACCENT_COLOR_NAME = AccentColor;
				CODE_SIGN_ENTITLEMENTS = SoloGuard/SoloGuard.entitlements;
				CODE_SIGN_STYLE = Automatic;
				CURRENT_PROJECT_VERSION = 1;
				DEVELOPMENT_ASSET_PATHS = "\"SoloGuard/Preview Content\"";
				ENABLE_PREVIEWS = YES;
				GENERATE_INFOPLIST_FILE = YES;
				INFOPLIST_FILE = SoloGuard/Info.plist;
				"INFOPLIST_KEY_UIApplicationSceneManifest_Generation[sdk=iphoneos*]" = YES;
				"INFOPLIST_KEY_UIApplicationSceneManifest_Generation[sdk=iphonesimulator*]" = YES;
				"INFOPLIST_KEY_UIApplicationSupportsIndirectInputEvents[sdk=iphoneos*]" = YES;
				"INFOPLIST_KEY_UIApplicationSupportsIndirectInputEvents[sdk=iphonesimulator*]" = YES;
				"INFOPLIST_KEY_UILaunchScreen_Generation[sdk=iphoneos*]" = YES;
				"INFOPLIST_KEY_UILaunchScreen_Generation[sdk=iphonesimulator*]" = YES;
				"INFOPLIST_KEY_UIStatusBarStyle[sdk=iphoneos*]" = UIStatusBarStyleDefault;
				"INFOPLIST_KEY_UIStatusBarStyle[sdk=iphonesimulator*]" = UIStatusBarStyleDefault;
				INFOPLIST_KEY_UISupportedInterfaceOrientations_iPad = "UIInterfaceOrientationPortrait UIInterfaceOrientationPortraitUpsideDown UIInterfaceOrientationLandscapeLeft UIInterfaceOrientationLandscapeRight";
				INFOPLIST_KEY_UISupportedInterfaceOrientations_iPhone = "UIInterfaceOrientationPortrait UIInterfaceOrientationLandscapeLeft UIInterfaceOrientationLandscapeRight";
				IPHONEOS_DEPLOYMENT_TARGET = 17.0;
				LD_RUNPATH_SEARCH_PATHS = "@executable_path/Frameworks";
				"LD_RUNPATH_SEARCH_PATHS[sdk=macosx*]" = "@executable_path/../Frameworks";
				MACOSX_DEPLOYMENT_TARGET = 14.0;
				MARKETING_VERSION = 1.0;
				PRODUCT_BUNDLE_IDENTIFIER = jchen.SoloGuard;
				PRODUCT_NAME = "$(TARGET_NAME)";
				SDKROOT = auto;
				SUPPORTED_PLATFORMS = "iphoneos iphonesimulator macosx";
				SWIFT_EMIT_LOC_STRINGS = YES;
				SWIFT_VERSION = 5.0;
				TARGETED_DEVICE_FAMILY = "1,2";
			};
			name = Debug;
		};
		C29B960C2B5739BB009B300A /* Release */ = {
			isa = XCBuildConfiguration;
			buildSettings = {
				ASSETCATALOG_COMPILER_APPICON_NAME = AppIcon;
				ASSETCATALOG_COMPILER_GLOBAL_ACCENT_COLOR_NAME = AccentColor;
				CODE_SIGN_ENTITLEMENTS = SoloGuard/SoloGuard.entitlements;
				CODE_SIGN_STYLE = Automatic;
				CURRENT_PROJECT_VERSION = 1;
				DEVELOPMENT_ASSET_PATHS = "\"SoloGuard/Preview Content\"";
				ENABLE_PREVIEWS = YES;
				GENERATE_INFOPLIST_FILE = YES;
				INFOPLIST_FILE = SoloGuard/Info.plist;
				"INFOPLIST_KEY_UIApplicationSceneManifest_Generation[sdk=iphoneos*]" = YES;
				"INFOPLIST_KEY_UIApplicationSceneManifest_Generation[sdk=iphonesimulator*]" = YES;
				"INFOPLIST_KEY_UIApplicationSupportsIndirectInputEvents[sdk=iphoneos*]" = YES;
				"INFOPLIST_KEY_UIApplicationSupportsIndirectInputEvents[sdk=iphonesimulator*]" = YES;
				"INFOPLIST_KEY_UILaunchScreen_Generation[sdk=iphoneos*]" = YES;
				"INFOPLIST_KEY_UILaunchScreen_Generation[sdk=iphonesimulator*]" = YES;
				"INFOPLIST_KEY_UIStatusBarStyle[sdk=iphoneos*]" = UIStatusBarStyleDefault;
				"INFOPLIST_KEY_UIStatusBarStyle[sdk=iphonesimulator*]" = UIStatusBarStyleDefault;
				INFOPLIST_KEY_UISupportedInterfaceOrientations_iPad = "UIInterfaceOrientationPortrait UIInterfaceOrientationPortraitUpsideDown UIInterfaceOrientationLandscapeLeft UIInterfaceOrientationLandscapeRight";
				INFOPLIST_KEY_UISupportedInterfaceOrientations_iPhone = "UIInterfaceOrientationPortrait UIInterfaceOrientationLandscapeLeft UIInterfaceOrientationLandscapeRight";
				IPHONEOS_DEPLOYMENT_TARGET = 17.0;
				LD_RUNPATH_SEARCH_PATHS = "@executable_path/Frameworks";
				"LD_RUNPATH_SEARCH_PATHS[sdk=macosx*]" = "@executable_path/../Frameworks";
				MACOSX_DEPLOYMENT_TARGET = 14.0;
				MARKETING_VERSION = 1.0;
				PRODUCT_BUNDLE_IDENTIFIER = jchen.SoloGuard;
				PRODUCT_NAME = "$(TARGET_NAME)";
				SDKROOT = auto;
				SUPPORTED_PLATFORMS = "iphoneos iphonesimulator macosx";
				SWIFT_EMIT_LOC_STRINGS = YES;
				SWIFT_VERSION = 5.0;
				TARGETED_DEVICE_FAMILY = "1,2";
			};
			name = Release;
		};
		C29B960E2B5739BB009B300A /* Debug */ = {
			isa = XCBuildConfiguration;
			buildSettings = {
				ALWAYS_EMBED_SWIFT_STANDARD_LIBRARIES = YES;
				BUNDLE_LOADER = "$(TEST_HOST)";
				CODE_SIGN_STYLE = Automatic;
				CURRENT_PROJECT_VERSION = 1;
				GENERATE_INFOPLIST_FILE = YES;
				IPHONEOS_DEPLOYMENT_TARGET = 17.0;
				MACOSX_DEPLOYMENT_TARGET = 14.0;
				MARKETING_VERSION = 1.0;
				PRODUCT_BUNDLE_IDENTIFIER = jchen.SoloGuardTests;
				PRODUCT_NAME = "$(TARGET_NAME)";
				SDKROOT = auto;
				SUPPORTED_PLATFORMS = "iphoneos iphonesimulator macosx";
				SWIFT_EMIT_LOC_STRINGS = NO;
				SWIFT_VERSION = 5.0;
				TARGETED_DEVICE_FAMILY = "1,2";
				TEST_HOST = "$(BUILT_PRODUCTS_DIR)/SoloGuard.app/$(BUNDLE_EXECUTABLE_FOLDER_PATH)/SoloGuard";
			};
			name = Debug;
		};
		C29B960F2B5739BB009B300A /* Release */ = {
			isa = XCBuildConfiguration;
			buildSettings = {
				ALWAYS_EMBED_SWIFT_STANDARD_LIBRARIES = YES;
				BUNDLE_LOADER = "$(TEST_HOST)";
				CODE_SIGN_STYLE = Automatic;
				CURRENT_PROJECT_VERSION = 1;
				GENERATE_INFOPLIST_FILE = YES;
				IPHONEOS_DEPLOYMENT_TARGET = 17.0;
				MACOSX_DEPLOYMENT_TARGET = 14.0;
				MARKETING_VERSION = 1.0;
				PRODUCT_BUNDLE_IDENTIFIER = jchen.SoloGuardTests;
				PRODUCT_NAME = "$(TARGET_NAME)";
				SDKROOT = auto;
				SUPPORTED_PLATFORMS = "iphoneos iphonesimulator macosx";
				SWIFT_EMIT_LOC_STRINGS = NO;
				SWIFT_VERSION = 5.0;
				TARGETED_DEVICE_FAMILY = "1,2";
				TEST_HOST = "$(BUILT_PRODUCTS_DIR)/SoloGuard.app/$(BUNDLE_EXECUTABLE_FOLDER_PATH)/SoloGuard";
			};
			name = Release;
		};
		C29B96112B5739BB009B300A /* Debug */ = {
			isa = XCBuildConfiguration;
			buildSettings = {
				ALWAYS_EMBED_SWIFT_STANDARD_LIBRARIES = YES;
				CODE_SIGN_STYLE = Automatic;
				CURRENT_PROJECT_VERSION = 1;
				GENERATE_INFOPLIST_FILE = YES;
				IPHONEOS_DEPLOYMENT_TARGET = 17.0;
				MACOSX_DEPLOYMENT_TARGET = 14.0;
				MARKETING_VERSION = 1.0;
				PRODUCT_BUNDLE_IDENTIFIER = jchen.SoloGuardUITests;
				PRODUCT_NAME = "$(TARGET_NAME)";
				SDKROOT = auto;
				SUPPORTED_PLATFORMS = "iphoneos iphonesimulator macosx";
				SWIFT_EMIT_LOC_STRINGS = NO;
				SWIFT_VERSION = 5.0;
				TARGETED_DEVICE_FAMILY = "1,2";
				TEST_TARGET_NAME = SoloGuard;
			};
			name = Debug;
		};
		C29B96122B5739BB009B300A /* Release */ = {
			isa = XCBuildConfiguration;
			buildSettings = {
				ALWAYS_EMBED_SWIFT_STANDARD_LIBRARIES = YES;
				CODE_SIGN_STYLE = Automatic;
				CURRENT_PROJECT_VERSION = 1;
				GENERATE_INFOPLIST_FILE = YES;
				IPHONEOS_DEPLOYMENT_TARGET = 17.0;
				MACOSX_DEPLOYMENT_TARGET = 14.0;
				MARKETING_VERSION = 1.0;
				PRODUCT_BUNDLE_IDENTIFIER = jchen.SoloGuardUITests;
				PRODUCT_NAME = "$(TARGET_NAME)";
				SDKROOT = auto;
				SUPPORTED_PLATFORMS = "iphoneos iphonesimulator macosx";
				SWIFT_EMIT_LOC_STRINGS = NO;
				SWIFT_VERSION = 5.0;
				TARGETED_DEVICE_FAMILY = "1,2";
				TEST_TARGET_NAME = SoloGuard;
			};
			name = Release;
		};
/* End XCBuildConfiguration section */

/* Begin XCConfigurationList section */
		C29B95E02B5739B6009B300A /* Build configuration list for PBXProject "SoloGuard" */ = {
			isa = XCConfigurationList;
			buildConfigurations = (
				C29B96082B5739BB009B300A /* Debug */,
				C29B96092B5739BB009B300A /* Release */,
			);
			defaultConfigurationIsVisible = 0;
			defaultConfigurationName = Release;
		};
		C29B960A2B5739BB009B300A /* Build configuration list for PBXNativeTarget "SoloGuard" */ = {
			isa = XCConfigurationList;
			buildConfigurations = (
				C29B960B2B5739BB009B300A /* Debug */,
				C29B960C2B5739BB009B300A /* Release */,
			);
			defaultConfigurationIsVisible = 0;
			defaultConfigurationName = Release;
		};
		C29B960D2B5739BB009B300A /* Build configuration list for PBXNativeTarget "SoloGuardTests" */ = {
			isa = XCConfigurationList;
			buildConfigurations = (
				C29B960E2B5739BB009B300A /* Debug */,
				C29B960F2B5739BB009B300A /* Release */,
			);
			defaultConfigurationIsVisible = 0;
			defaultConfigurationName = Release;
		};
		C29B96102B5739BB009B300A /* Build configuration list for PBXNativeTarget "SoloGuardUITests" */ = {
			isa = XCConfigurationList;
			buildConfigurations = (
				C29B96112B5739BB009B300A /* Debug */,
				C29B96122B5739BB009B300A /* Release */,
			);
			defaultConfigurationIsVisible = 0;
			defaultConfigurationName = Release;
		};
/* End XCConfigurationList section */
	};
	rootObject = C29B95DD2B5739B6009B300A /* Project object */;
}
